
Microsoft Visual Studio Solution File, Format Version 12.00
# Visual Studio Version 17
VisualStudioVersion = 17.14.36811.4
MinimumVisualStudioVersion = 10.0.40219.1
Project("{FAE04EC0-301F-11D3-BF4B-00C04F79EFBC}") = "KnowledgeSpace.BackendServer", "src\KnowledgeSpace.BackendServer\KnowledgeSpace.BackendServer.csproj", "{7C5CDD10-595A-48FD-B0BE-FD6E28A2216C}"
EndProject
Project("{FAE04EC0-301F-11D3-BF4B-00C04F79EFBC}") = "KnowledgeSpace.WedPortal", "src\KnowledgeSpace.WedPortal\KnowledgeSpace.WedPortal.csproj", "{3CEFFBD5-EF7F-42ED-AB94-CB20288CC704}"
EndProject
Project("{FAE04EC0-301F-11D3-BF4B-00C04F79EFBC}") = "KnowledgeSpace.ViewModels", "src\KnowledgeSpace.ViewModels\KnowledgeSpace.ViewModels.csproj", "{4EDFEA9B-D25B-4186-A5F7-52A419DCAA5E}"
EndProject
Global
	GlobalSection(SolutionConfigurationPlatforms) = preSolution
		Debug|Any CPU = Debug|Any CPU
		Release|Any CPU = Release|Any CPU
	EndGlobalSection
	GlobalSection(ProjectConfigurationPlatforms) = postSolution
		{7C5CDD10-595A-48FD-B0BE-FD6E28A2216C}.Debug|Any CPU.ActiveCfg = Debug|Any CPU
		{7C5CDD10-595A-48FD-B0BE-FD6E28A2216C}.Debug|Any CPU.Build.0 = Debug|Any CPU
		{7C5CDD10-595A-48FD-B0BE-FD6E28A2216C}.Release|Any CPU.ActiveCfg = Release|Any CPU
		{7C5CDD10-595A-48FD-B0BE-FD6E28A2216C}.Release|Any CPU.Build.0 = Release|Any CPU
		{3CEFFBD5-EF7F-42ED-AB94-CB20288CC704}.Debug|Any CPU.ActiveCfg = Debug|Any CPU
		{3CEFFBD5-EF7F-42ED-AB94-CB20288CC704}.Debug|Any CPU.Build.0 = Debug|Any CPU
		{3CEFFBD5-EF7F-42ED-AB94-CB20288CC704}.Release|Any CPU.ActiveCfg = Release|Any CPU
		{3CEFFBD5-EF7F-42ED-AB94-CB20288CC704}.Release|Any CPU.Build.0 = Release|Any CPU
		{4EDFEA9B-D25B-4186-A5F7-52A419DCAA5E}.Debug|Any CPU.ActiveCfg = Debug|Any CPU
		{4EDFEA9B-D25B-4186-A5F7-52A419DCAA5E}.Debug|Any CPU.Build.0 = Debug|Any CPU
		{4EDFEA9B-D25B-4186-A5F7-52A419DCAA5E}.Release|Any CPU.ActiveCfg = Release|Any CPU
		{4EDFEA9B-D25B-4186-A5F7-52A419DCAA5E}.Release|Any CPU.Build.0 = Release|Any CPU
	EndGlobalSection
	GlobalSection(SolutionProperties) = preSolution
		HideSolutionNode = FALSE
	EndGlobalSection
	GlobalSection(ExtensibilityGlobals) = postSolution
		SolutionGuid = {C52AD90A-52F1-40AF-A973-A2C80A289D28}
	EndGlobalSection
EndGlobal
